
Microsoft Visual Studio Solution File, Format Version 12.00
# Visual Studio 15
VisualStudioVersion = 15.0.26124.0
MinimumVisualStudioVersion = 15.0.26124.0
Project("{FAE04EC0-301F-11D3-BF4B-00C04F79EFBC}") = "FN.WorkShopNetCoreAngular.API", "FN.WorkShopNetCoreAngular.API\FN.WorkShopNetCoreAngular.API.csproj", "{19DE4F8F-A274-46E8-9B92-49A860D03CC6}"
EndProject
Project("{FAE04EC0-301F-11D3-BF4B-00C04F79EFBC}") = "FN.WorkShopNetCoreAngular.CrossCutting", "FN.WorkShopNetCoreAngular.CrossCutting\FN.WorkShopNetCoreAngular.CrossCutting.csproj", "{500FE6E5-CA4B-4BC9-BAE2-E647AFA2F809}"
EndProject
Project("{FAE04EC0-301F-11D3-BF4B-00C04F79EFBC}") = "FN.WorkShopNetCoreAngular.Data", "FN.WorkShopNetCoreAngular.Data\FN.WorkShopNetCoreAngular.Data.csproj", "{15F14176-5383-49DC-9BD1-83375ED2E9FD}"
EndProject
Project("{FAE04EC0-301F-11D3-BF4B-00C04F79EFBC}") = "FN.WorkShopNetCoreAngular.Domain", "FN.WorkShopNetCoreAngular.Domain\FN.WorkShopNetCoreAngular.Domain.csproj", "{537CD4D4-28C3-4B1C-A138-74B44B1E68F8}"
EndProject
Project("{FAE04EC0-301F-11D3-BF4B-00C04F79EFBC}") = "FN.WorkShopNetCoreAngular.Tests", "FN.WorkShopNetCoreAngular.Tests\FN.WorkShopNetCoreAngular.Tests.csproj", "{768341FB-CD71-414A-BB54-4294DE3E6901}"
EndProject
Global
	GlobalSection(SolutionConfigurationPlatforms) = preSolution
		Debug|Any CPU = Debug|Any CPU
		Debug|x64 = Debug|x64
		Debug|x86 = Debug|x86
		Release|Any CPU = Release|Any CPU
		Release|x64 = Release|x64
		Release|x86 = Release|x86
	EndGlobalSection
	GlobalSection(SolutionProperties) = preSolution
		HideSolutionNode = FALSE
	EndGlobalSection
	GlobalSection(ProjectConfigurationPlatforms) = postSolution
		{19DE4F8F-A274-46E8-9B92-49A860D03CC6}.Debug|Any CPU.ActiveCfg = Debug|Any CPU
		{19DE4F8F-A274-46E8-9B92-49A860D03CC6}.Debug|Any CPU.Build.0 = Debug|Any CPU
		{19DE4F8F-A274-46E8-9B92-49A860D03CC6}.Debug|x64.ActiveCfg = Debug|Any CPU
		{19DE4F8F-A274-46E8-9B92-49A860D03CC6}.Debug|x64.Build.0 = Debug|Any CPU
		{19DE4F8F-A274-46E8-9B92-49A860D03CC6}.Debug|x86.ActiveCfg = Debug|Any CPU
		{19DE4F8F-A274-46E8-9B92-49A860D03CC6}.Debug|x86.Build.0 = Debug|Any CPU
		{19DE4F8F-A274-46E8-9B92-49A860D03CC6}.Release|Any CPU.ActiveCfg = Release|Any CPU
		{19DE4F8F-A274-46E8-9B92-49A860D03CC6}.Release|Any CPU.Build.0 = Release|Any CPU
		{19DE4F8F-A274-46E8-9B92-49A860D03CC6}.Release|x64.ActiveCfg = Release|Any CPU
		{19DE4F8F-A274-46E8-9B92-49A860D03CC6}.Release|x64.Build.0 = Release|Any CPU
		{19DE4F8F-A274-46E8-9B92-49A860D03CC6}.Release|x86.ActiveCfg = Release|Any CPU
		{19DE4F8F-A274-46E8-9B92-49A860D03CC6}.Release|x86.Build.0 = Release|Any CPU
		{500FE6E5-CA4B-4BC9-BAE2-E647AFA2F809}.Debug|Any CPU.ActiveCfg = Debug|Any CPU
		{500FE6E5-CA4B-4BC9-BAE2-E647AFA2F809}.Debug|Any CPU.Build.0 = Debug|Any CPU
		{500FE6E5-CA4B-4BC9-BAE2-E647AFA2F809}.Debug|x64.ActiveCfg = Debug|Any CPU
		{500FE6E5-CA4B-4BC9-BAE2-E647AFA2F809}.Debug|x64.Build.0 = Debug|Any CPU
		{500FE6E5-CA4B-4BC9-BAE2-E647AFA2F809}.Debug|x86.ActiveCfg = Debug|Any CPU
		{500FE6E5-CA4B-4BC9-BAE2-E647AFA2F809}.Debug|x86.Build.0 = Debug|Any CPU
		{500FE6E5-CA4B-4BC9-BAE2-E647AFA2F809}.Release|Any CPU.ActiveCfg = Release|Any CPU
		{500FE6E5-CA4B-4BC9-BAE2-E647AFA2F809}.Release|Any CPU.Build.0 = Release|Any CPU
		{500FE6E5-CA4B-4BC9-BAE2-E647AFA2F809}.Release|x64.ActiveCfg = Release|Any CPU
		{500FE6E5-CA4B-4BC9-BAE2-E647AFA2F809}.Release|x64.Build.0 = Release|Any CPU
		{500FE6E5-CA4B-4BC9-BAE2-E647AFA2F809}.Release|x86.ActiveCfg = Release|Any CPU
		{500FE6E5-CA4B-4BC9-BAE2-E647AFA2F809}.Release|x86.Build.0 = Release|Any CPU
		{15F14176-5383-49DC-9BD1-83375ED2E9FD}.Debug|Any CPU.ActiveCfg = Debug|Any CPU
		{15F14176-5383-49DC-9BD1-83375ED2E9FD}.Debug|Any CPU.Build.0 = Debug|Any CPU
		{15F14176-5383-49DC-9BD1-83375ED2E9FD}.Debug|x64.ActiveCfg = Debug|Any CPU
		{15F14176-5383-49DC-9BD1-83375ED2E9FD}.Debug|x64.Build.0 = Debug|Any CPU
		{15F14176-5383-49DC-9BD1-83375ED2E9FD}.Debug|x86.ActiveCfg = Debug|Any CPU
		{15F14176-5383-49DC-9BD1-83375ED2E9FD}.Debug|x86.Build.0 = Debug|Any CPU
		{15F14176-5383-49DC-9BD1-83375ED2E9FD}.Release|Any CPU.ActiveCfg = Release|Any CPU
		{15F14176-5383-49DC-9BD1-83375ED2E9FD}.Release|Any CPU.Build.0 = Release|Any CPU
		{15F14176-5383-49DC-9BD1-83375ED2E9FD}.Release|x64.ActiveCfg = Release|Any CPU
		{15F14176-5383-49DC-9BD1-83375ED2E9FD}.Release|x64.Build.0 = Release|Any CPU
		{15F14176-5383-49DC-9BD1-83375ED2E9FD}.Release|x86.ActiveCfg = Release|Any CPU
		{15F14176-5383-49DC-9BD1-83375ED2E9FD}.Release|x86.Build.0 = Release|Any CPU
		{537CD4D4-28C3-4B1C-A138-74B44B1E68F8}.Debug|Any CPU.ActiveCfg = Debug|Any CPU
		{537CD4D4-28C3-4B1C-A138-74B44B1E68F8}.Debug|Any CPU.Build.0 = Debug|Any CPU
		{537CD4D4-28C3-4B1C-A138-74B44B1E68F8}.Debug|x64.ActiveCfg = Debug|Any CPU
		{537CD4D4-28C3-4B1C-A138-74B44B1E68F8}.Debug|x64.Build.0 = Debug|Any CPU
		{537CD4D4-28C3-4B1C-A138-74B44B1E68F8}.Debug|x86.ActiveCfg = Debug|Any CPU
		{537CD4D4-28C3-4B1C-A138-74B44B1E68F8}.Debug|x86.Build.0 = Debug|Any CPU
		{537CD4D4-28C3-4B1C-A138-74B44B1E68F8}.Release|Any CPU.ActiveCfg = Release|Any CPU
		{537CD4D4-28C3-4B1C-A138-74B44B1E68F8}.Release|Any CPU.Build.0 = Release|Any CPU
		{537CD4D4-28C3-4B1C-A138-74B44B1E68F8}.Release|x64.ActiveCfg = Release|Any CPU
		{537CD4D4-28C3-4B1C-A138-74B44B1E68F8}.Release|x64.Build.0 = Release|Any CPU
		{537CD4D4-28C3-4B1C-A138-74B44B1E68F8}.Release|x86.ActiveCfg = Release|Any CPU
		{537CD4D4-28C3-4B1C-A138-74B44B1E68F8}.Release|x86.Build.0 = Release|Any CPU
		{768341FB-CD71-414A-BB54-4294DE3E6901}.Debug|Any CPU.ActiveCfg = Debug|Any CPU
		{768341FB-CD71-414A-BB54-4294DE3E6901}.Debug|Any CPU.Build.0 = Debug|Any CPU
		{768341FB-CD71-414A-BB54-4294DE3E6901}.Debug|x64.ActiveCfg = Debug|Any CPU
		{768341FB-CD71-414A-BB54-4294DE3E6901}.Debug|x64.Build.0 = Debug|Any CPU
		{768341FB-CD71-414A-BB54-4294DE3E6901}.Debug|x86.ActiveCfg = Debug|Any CPU
		{768341FB-CD71-414A-BB54-4294DE3E6901}.Debug|x86.Build.0 = Debug|Any CPU
		{768341FB-CD71-414A-BB54-4294DE3E6901}.Release|Any CPU.ActiveCfg = Release|Any CPU
		{768341FB-CD71-414A-BB54-4294DE3E6901}.Release|Any CPU.Build.0 = Release|Any CPU
		{768341FB-CD71-414A-BB54-4294DE3E6901}.Release|x64.ActiveCfg = Release|Any CPU
		{768341FB-CD71-414A-BB54-4294DE3E6901}.Release|x64.Build.0 = Release|Any CPU
		{768341FB-CD71-414A-BB54-4294DE3E6901}.Release|x86.ActiveCfg = Release|Any CPU
		{768341FB-CD71-414A-BB54-4294DE3E6901}.Release|x86.Build.0 = Release|Any CPU
	EndGlobalSection
EndGlobal
